
Microsoft Visual Studio Solution File, Format Version 12.00
# Visual Studio Version 17
VisualStudioVersion = 17.14.36518.9 d17.14
MinimumVisualStudioVersion = 10.0.40219.1
Project("{FAE04EC0-301F-11D3-BF4B-00C04F79EFBC}") = "Safari", "Safari\Safari.csproj", "{706A4D2F-F636-4677-8519-67B89825FC88}"
EndProject
Global
	GlobalSection(SolutionConfigurationPlatforms) = preSolution
		Debug|Any CPU = Debug|Any CPU
		Release|Any CPU = Release|Any CPU
	EndGlobalSection
	GlobalSection(ProjectConfigurationPlatforms) = postSolution
		{706A4D2F-F636-4677-8519-67B89825FC88}.Debug|Any CPU.ActiveCfg = Debug|Any CPU
		{706A4D2F-F636-4677-8519-67B89825FC88}.Debug|Any CPU.Build.0 = Debug|Any CPU
		{706A4D2F-F636-4677-8519-67B89825FC88}.Release|Any CPU.ActiveCfg = Release|Any CPU
		{706A4D2F-F636-4677-8519-67B89825FC88}.Release|Any CPU.Build.0 = Release|Any CPU
	EndGlobalSection
	GlobalSection(SolutionProperties) = preSolution
		HideSolutionNode = FALSE
	EndGlobalSection
	GlobalSection(ExtensibilityGlobals) = postSolution
		SolutionGuid = {7B21E303-64BE-4CE5-AE75-223A249856B2}
	EndGlobalSection
EndGlobal
